
Microsoft Visual Studio Solution File, Format Version 12.00
# Visual Studio Version 16
VisualStudioVersion = 16.0.31702.278
MinimumVisualStudioVersion = 10.0.40219.1
Project("{FAE04EC0-301F-11D3-BF4B-00C04F79EFBC}") = "AnimationOnTabControlChange", "AnimationOnTabControlChange\AnimationOnTabControlChange.csproj", "{F1E0682B-E015-4327-BFDB-82494DF4E257}"
EndProject
Global
	GlobalSection(SolutionConfigurationPlatforms) = preSolution
		Debug|Any CPU = Debug|Any CPU
		Release|Any CPU = Release|Any CPU
	EndGlobalSection
	GlobalSection(ProjectConfigurationPlatforms) = postSolution
		{F1E0682B-E015-4327-BFDB-82494DF4E257}.Debug|Any CPU.ActiveCfg = Debug|Any CPU
		{F1E0682B-E015-4327-BFDB-82494DF4E257}.Debug|Any CPU.Build.0 = Debug|Any CPU
		{F1E0682B-E015-4327-BFDB-82494DF4E257}.Release|Any CPU.ActiveCfg = Release|Any CPU
		{F1E0682B-E015-4327-BFDB-82494DF4E257}.Release|Any CPU.Build.0 = Release|Any CPU
	EndGlobalSection
	GlobalSection(SolutionProperties) = preSolution
		HideSolutionNode = FALSE
	EndGlobalSection
	GlobalSection(ExtensibilityGlobals) = postSolution
		SolutionGuid = {E556D6FC-723B-44CC-BB67-7FA3CAFD5006}
	EndGlobalSection
EndGlobal
